{
  "name": "wiki_site",
  "version": "1.0.0",
  "main": "index.js",
  "repository": "https://github.com/beixibaobao/torishiro-wiki.git",
  "author": "torishiro.com運営チーム <help@torishiro.com>",
  "license": "MIT",
  "scripts": {
    "docs:dev": "vitepress dev docs",
    "docs:build": "vitepress build docs",
    "docs:serve": "vitepress serve docs"
  },
  "dependencies": {
    "jsdom": "^21.1.1",
    "rollup": "^3.9.0",
    "yarn": "^1.22.19"
  },
  "devDependencies": {
    "fontawesome": "^5.6.3",
    "vitepress": "^1.0.0-alpha.33",
    "vue": "^3.2.45",
    "vue-cli": "^2.9.6"
  }
}